// !$*UTF8*$!
{
	archiveVersion = 1;
	classes = {
	};
	objectVersion = 46;
	objects = {

/* Begin PBXBuildFile section */
		04838DB8164BC9EF00145470 /* libsqlite3.dylib in Frameworks */ = {isa = PBXBuildFile; fileRef = 04838DB7164BC9EF00145470 /* libsqlite3.dylib */; };
		04887C7B1637DE9F004EC5B3 /* Cell.m in Sources */ = {isa = PBXBuildFile; fileRef = 04887C7A1637DE9F004EC5B3 /* Cell.m */; };
		04887C7F1637ED89004EC5B3 /* EditViewController.m in Sources */ = {isa = PBXBuildFile; fileRef = 04887C7E1637ED89004EC5B3 /* EditViewController.m */; };
		048F728E163772DF000BF5BC /* UIKit.framework in Frameworks */ = {isa = PBXBuildFile; fileRef = 048F728D163772DF000BF5BC /* UIKit.framework */; };
		048F7290163772DF000BF5BC /* Foundation.framework in Frameworks */ = {isa = PBXBuildFile; fileRef = 048F728F163772DF000BF5BC /* Foundation.framework */; };
		048F7292163772DF000BF5BC /* CoreGraphics.framework in Frameworks */ = {isa = PBXBuildFile; fileRef = 048F7291163772DF000BF5BC /* CoreGraphics.framework */; };
		048F7298163772DF000BF5BC /* InfoPlist.strings in Resources */ = {isa = PBXBuildFile; fileRef = 048F7296163772DF000BF5BC /* InfoPlist.strings */; };
		048F729A163772DF000BF5BC /* main.m in Sources */ = {isa = PBXBuildFile; fileRef = 048F7299163772DF000BF5BC /* main.m */; };
		048F729E163772DF000BF5BC /* AppDelegate.m in Sources */ = {isa = PBXBuildFile; fileRef = 048F729D163772DF000BF5BC /* AppDelegate.m */; };
		048F72A1163772DF000BF5BC /* MainStoryboard.storyboard in Resources */ = {isa = PBXBuildFile; fileRef = 048F729F163772DF000BF5BC /* MainStoryboard.storyboard */; };
		048F72B016377337000BF5BC /* MasterViewController.m in Sources */ = {isa = PBXBuildFile; fileRef = 048F72AF16377337000BF5BC /* MasterViewController.m */; };
		048F72B316377376000BF5BC /* CellData.m in Sources */ = {isa = PBXBuildFile; fileRef = 048F72B216377376000BF5BC /* CellData.m */; };
		048F72B6163773BC000BF5BC /* CellDataArray.m in Sources */ = {isa = PBXBuildFile; fileRef = 048F72B5163773BC000BF5BC /* CellDataArray.m */; };
		04911AD0164A7539002EFB74 /* DefaultParserDelegate.m in Sources */ = {isa = PBXBuildFile; fileRef = 04911ACF164A7539002EFB74 /* DefaultParserDelegate.m */; };
		848C77991641A22A00317CB9 /* OperationsWithDataSource.m in Sources */ = {isa = PBXBuildFile; fileRef = 848C77981641A22A00317CB9 /* OperationsWithDataSource.m */; };
		848E34D716493B2F00E8547A /* EditDateViewController.m in Sources */ = {isa = PBXBuildFile; fileRef = 848E34D616493B2F00E8547A /* EditDateViewController.m */; };
		848F657116406E3100B8F281 /* GDataXMLNode.m in Sources */ = {isa = PBXBuildFile; fileRef = 848F657016406E3100B8F281 /* GDataXMLNode.m */; };
		8491B58F163EF1DD00111059 /* Settings.bundle in Resources */ = {isa = PBXBuildFile; fileRef = 8491B58E163EF1DD00111059 /* Settings.bundle */; };
		849CEE26164ADB8F000C3B5B /* CellDataArray.xml in Resources */ = {isa = PBXBuildFile; fileRef = 849CEE25164ADB8F000C3B5B /* CellDataArray.xml */; };
/* End PBXBuildFile section */

/* Begin PBXFileReference section */
		04838DB7164BC9EF00145470 /* libsqlite3.dylib */ = {isa = PBXFileReference; lastKnownFileType = "compiled.mach-o.dylib"; name = libsqlite3.dylib; path = usr/lib/libsqlite3.dylib; sourceTree = SDKROOT; };
		04887C791637DE9F004EC5B3 /* Cell.h */ = {isa = PBXFileReference; fileEncoding = 4; lastKnownFileType = sourcecode.c.h; path = Cell.h; sourceTree = "<group>"; };
		04887C7A1637DE9F004EC5B3 /* Cell.m */ = {isa = PBXFileReference; fileEncoding = 4; lastKnownFileType = sourcecode.c.objc; path = Cell.m; sourceTree = "<group>"; };
		04887C7D1637ED89004EC5B3 /* EditViewController.h */ = {isa = PBXFileReference; fileEncoding = 4; lastKnownFileType = sourcecode.c.h; path = EditViewController.h; sourceTree = "<group>"; };
		04887C7E1637ED89004EC5B3 /* EditViewController.m */ = {isa = PBXFileReference; fileEncoding = 4; lastKnownFileType = sourcecode.c.objc; path = EditViewController.m; sourceTree = "<group>"; };
		048F7289163772DF000BF5BC /* TableView.app */ = {isa = PBXFileReference; explicitFileType = wrapper.application; includeInIndex = 0; path = TableView.app; sourceTree = BUILT_PRODUCTS_DIR; };
		048F728D163772DF000BF5BC /* UIKit.framework */ = {isa = PBXFileReference; lastKnownFileType = wrapper.framework; name = UIKit.framework; path = System/Library/Frameworks/UIKit.framework; sourceTree = SDKROOT; };
		048F728F163772DF000BF5BC /* Foundation.framework */ = {isa = PBXFileReference; lastKnownFileType = wrapper.framework; name = Foundation.framework; path = System/Library/Frameworks/Foundation.framework; sourceTree = SDKROOT; };
		048F7291163772DF000BF5BC /* CoreGraphics.framework */ = {isa = PBXFileReference; lastKnownFileType = wrapper.framework; name = CoreGraphics.framework; path = System/Library/Frameworks/CoreGraphics.framework; sourceTree = SDKROOT; };
		048F7295163772DF000BF5BC /* TableView-Info.plist */ = {isa = PBXFileReference; lastKnownFileType = text.plist.xml; path = "TableView-Info.plist"; sourceTree = "<group>"; };
		048F7297163772DF000BF5BC /* en */ = {isa = PBXFileReference; lastKnownFileType = text.plist.strings; name = en; path = en.lproj/InfoPlist.strings; sourceTree = "<group>"; };
		048F7299163772DF000BF5BC /* main.m */ = {isa = PBXFileReference; lastKnownFileType = sourcecode.c.objc; path = main.m; sourceTree = "<group>"; };
		048F729B163772DF000BF5BC /* TableView-Prefix.pch */ = {isa = PBXFileReference; lastKnownFileType = sourcecode.c.h; path = "TableView-Prefix.pch"; sourceTree = "<group>"; };
		048F729C163772DF000BF5BC /* AppDelegate.h */ = {isa = PBXFileReference; lastKnownFileType = sourcecode.c.h; path = AppDelegate.h; sourceTree = "<group>"; };
		048F729D163772DF000BF5BC /* AppDelegate.m */ = {isa = PBXFileReference; lastKnownFileType = sourcecode.c.objc; path = AppDelegate.m; sourceTree = "<group>"; };
		048F72A0163772DF000BF5BC /* en */ = {isa = PBXFileReference; lastKnownFileType = file.storyboard; name = en; path = en.lproj/MainStoryboard.storyboard; sourceTree = "<group>"; };
		048F72AE16377337000BF5BC /* MasterViewController.h */ = {isa = PBXFileReference; fileEncoding = 4; lastKnownFileType = sourcecode.c.h; path = MasterViewController.h; sourceTree = "<group>"; };
		048F72AF16377337000BF5BC /* MasterViewController.m */ = {isa = PBXFileReference; fileEncoding = 4; lastKnownFileType = sourcecode.c.objc; path = MasterViewController.m; sourceTree = "<group>"; };
		048F72B116377376000BF5BC /* CellData.h */ = {isa = PBXFileReference; fileEncoding = 4; lastKnownFileType = sourcecode.c.h; path = CellData.h; sourceTree = "<group>"; };
		048F72B216377376000BF5BC /* CellData.m */ = {isa = PBXFileReference; fileEncoding = 4; lastKnownFileType = sourcecode.c.objc; path = CellData.m; sourceTree = "<group>"; };
		048F72B4163773BC000BF5BC /* CellDataArray.h */ = {isa = PBXFileReference; fileEncoding = 4; lastKnownFileType = sourcecode.c.h; path = CellDataArray.h; sourceTree = "<group>"; };
		048F72B5163773BC000BF5BC /* CellDataArray.m */ = {isa = PBXFileReference; fileEncoding = 4; lastKnownFileType = sourcecode.c.objc; path = CellDataArray.m; sourceTree = "<group>"; };
		04911ACE164A7538002EFB74 /* DefaultParserDelegate.h */ = {isa = PBXFileReference; fileEncoding = 4; lastKnownFileType = sourcecode.c.h; path = DefaultParserDelegate.h; sourceTree = "<group>"; };
		04911ACF164A7539002EFB74 /* DefaultParserDelegate.m */ = {isa = PBXFileReference; fileEncoding = 4; lastKnownFileType = sourcecode.c.objc; path = DefaultParserDelegate.m; sourceTree = "<group>"; };
		848C77971641A22A00317CB9 /* OperationsWithDataSource.h */ = {isa = PBXFileReference; fileEncoding = 4; lastKnownFileType = sourcecode.c.h; path = OperationsWithDataSource.h; sourceTree = "<group>"; };
		848C77981641A22A00317CB9 /* OperationsWithDataSource.m */ = {isa = PBXFileReference; fileEncoding = 4; lastKnownFileType = sourcecode.c.objc; path = OperationsWithDataSource.m; sourceTree = "<group>"; };
		848E34D516493B2F00E8547A /* EditDateViewController.h */ = {isa = PBXFileReference; fileEncoding = 4; lastKnownFileType = sourcecode.c.h; path = EditDateViewController.h; sourceTree = "<group>"; };
		848E34D616493B2F00E8547A /* EditDateViewController.m */ = {isa = PBXFileReference; fileEncoding = 4; lastKnownFileType = sourcecode.c.objc; path = EditDateViewController.m; sourceTree = "<group>"; };
		848F656F16406E3100B8F281 /* GDataXMLNode.h */ = {isa = PBXFileReference; fileEncoding = 4; lastKnownFileType = sourcecode.c.h; path = GDataXMLNode.h; sourceTree = "<group>"; };
		848F657016406E3100B8F281 /* GDataXMLNode.m */ = {isa = PBXFileReference; fileEncoding = 4; lastKnownFileType = sourcecode.c.objc; path = GDataXMLNode.m; sourceTree = "<group>"; };
		8491B58E163EF1DD00111059 /* Settings.bundle */ = {isa = PBXFileReference; lastKnownFileType = "wrapper.plug-in"; path = Settings.bundle; sourceTree = "<group>"; };
		8493CE87164C0812007131C1 /* CellDataArray.sqlite */ = {isa = PBXFileReference; lastKnownFileType = file; path = CellDataArray.sqlite; sourceTree = "<group>"; };
		849CEE25164ADB8F000C3B5B /* CellDataArray.xml */ = {isa = PBXFileReference; fileEncoding = 4; lastKnownFileType = text.xml; path = CellDataArray.xml; sourceTree = "<group>"; };
/* End PBXFileReference section */

/* Begin PBXFrameworksBuildPhase section */
		048F7286163772DF000BF5BC /* Frameworks */ = {
			isa = PBXFrameworksBuildPhase;
			buildActionMask = 2147483647;
			files = (
				04838DB8164BC9EF00145470 /* libsqlite3.dylib in Frameworks */,
				048F728E163772DF000BF5BC /* UIKit.framework in Frameworks */,
				048F7290163772DF000BF5BC /* Foundation.framework in Frameworks */,
				048F7292163772DF000BF5BC /* CoreGraphics.framework in Frameworks */,
			);
			runOnlyForDeploymentPostprocessing = 0;
		};
/* End PBXFrameworksBuildPhase section */

/* Begin PBXGroup section */
		048F727E163772DF000BF5BC = {
			isa = PBXGroup;
			children = (
				04838DB7164BC9EF00145470 /* libsqlite3.dylib */,
				048F7293163772DF000BF5BC /* TableView */,
				048F728C163772DF000BF5BC /* Frameworks */,
				048F728A163772DF000BF5BC /* Products */,
			);
			sourceTree = "<group>";
		};
		048F728A163772DF000BF5BC /* Products */ = {
			isa = PBXGroup;
			children = (
				048F7289163772DF000BF5BC /* TableView.app */,
			);
			name = Products;
			sourceTree = "<group>";
		};
		048F728C163772DF000BF5BC /* Frameworks */ = {
			isa = PBXGroup;
			children = (
				048F728D163772DF000BF5BC /* UIKit.framework */,
				048F728F163772DF000BF5BC /* Foundation.framework */,
				048F7291163772DF000BF5BC /* CoreGraphics.framework */,
			);
			name = Frameworks;
			sourceTree = "<group>";
		};
		048F7293163772DF000BF5BC /* TableView */ = {
			isa = PBXGroup;
			children = (
				841DF1EC1644402B00298B50 /* Parsers etc */,
				841DF1EB1644401200298B50 /* Data */,
				841DF1EA16443FE400298B50 /* Views */,
				841DF1E916443FB300298B50 /* Storyboards */,
				841DF1ED1644407A00298B50 /* System */,
				048F7294163772DF000BF5BC /* Supporting Files */,
			);
			path = TableView;
			sourceTree = "<group>";
		};
		048F7294163772DF000BF5BC /* Supporting Files */ = {
			isa = PBXGroup;
			children = (
				048F7295163772DF000BF5BC /* TableView-Info.plist */,
				048F7296163772DF000BF5BC /* InfoPlist.strings */,
				048F7299163772DF000BF5BC /* main.m */,
				048F729B163772DF000BF5BC /* TableView-Prefix.pch */,
			);
			name = "Supporting Files";
			sourceTree = "<group>";
		};
		841DF1E916443FB300298B50 /* Storyboards */ = {
			isa = PBXGroup;
			children = (
				048F729F163772DF000BF5BC /* MainStoryboard.storyboard */,
			);
			name = Storyboards;
			sourceTree = "<group>";
		};
		841DF1EA16443FE400298B50 /* Views */ = {
			isa = PBXGroup;
			children = (
				04887C791637DE9F004EC5B3 /* Cell.h */,
				04887C7A1637DE9F004EC5B3 /* Cell.m */,
				848E34D516493B2F00E8547A /* EditDateViewController.h */,
				848E34D616493B2F00E8547A /* EditDateViewController.m */,
				04887C7D1637ED89004EC5B3 /* EditViewController.h */,
				04887C7E1637ED89004EC5B3 /* EditViewController.m */,
				048F72AE16377337000BF5BC /* MasterViewController.h */,
				048F72AF16377337000BF5BC /* MasterViewController.m */,
			);
			name = Views;
			sourceTree = "<group>";
		};
		841DF1EB1644401200298B50 /* Data */ = {
			isa = PBXGroup;
			children = (
				048F72B116377376000BF5BC /* CellData.h */,
				048F72B216377376000BF5BC /* CellData.m */,
				048F72B4163773BC000BF5BC /* CellDataArray.h */,
				048F72B5163773BC000BF5BC /* CellDataArray.m */,
			);
			name = Data;
			sourceTree = "<group>";
		};
		841DF1EC1644402B00298B50 /* Parsers etc */ = {
			isa = PBXGroup;
			children = (
				849CEE25164ADB8F000C3B5B /* CellDataArray.xml */,
				8493CE87164C0812007131C1 /* CellDataArray.sqlite */,
				848F657016406E3100B8F281 /* GDataXMLNode.m */,
				848F656F16406E3100B8F281 /* GDataXMLNode.h */,
				848C77971641A22A00317CB9 /* OperationsWithDataSource.h */,
				848C77981641A22A00317CB9 /* OperationsWithDataSource.m */,
				04911ACE164A7538002EFB74 /* DefaultParserDelegate.h */,
				04911ACF164A7539002EFB74 /* DefaultParserDelegate.m */,
			);
			name = "Parsers etc";
			sourceTree = "<group>";
		};
		841DF1ED1644407A00298B50 /* System */ = {
			isa = PBXGroup;
			children = (
				048F729C163772DF000BF5BC /* AppDelegate.h */,
				048F729D163772DF000BF5BC /* AppDelegate.m */,
				8491B58E163EF1DD00111059 /* Settings.bundle */,
			);
			name = System;
			sourceTree = "<group>";
		};
/* End PBXGroup section */

/* Begin PBXNativeTarget section */
		048F7288163772DF000BF5BC /* TableView */ = {
			isa = PBXNativeTarget;
			buildConfigurationList = 048F72A7163772DF000BF5BC /* Build configuration list for PBXNativeTarget "TableView" */;
			buildPhases = (
				048F7286163772DF000BF5BC /* Frameworks */,
				048F7285163772DF000BF5BC /* Sources */,
				048F7287163772DF000BF5BC /* Resources */,
			);
			buildRules = (
			);
			dependencies = (
			);
			name = TableView;
			productName = TableView;
			productReference = 048F7289163772DF000BF5BC /* TableView.app */;
			productType = "com.apple.product-type.application";
		};
/* End PBXNativeTarget section */

/* Begin PBXProject section */
		048F7280163772DF000BF5BC /* Project object */ = {
			isa = PBXProject;
			attributes = {
				LastUpgradeCheck = 0420;
			};
			buildConfigurationList = 048F7283163772DF000BF5BC /* Build configuration list for PBXProject "TableView" */;
			compatibilityVersion = "Xcode 3.2";
			developmentRegion = English;
			hasScannedForEncodings = 0;
			knownRegions = (
				en,
			);
			mainGroup = 048F727E163772DF000BF5BC;
			productRefGroup = 048F728A163772DF000BF5BC /* Products */;
			projectDirPath = "";
			projectRoot = "";
			targets = (
				048F7288163772DF000BF5BC /* TableView */,
			);
		};
/* End PBXProject section */

/* Begin PBXResourcesBuildPhase section */
		048F7287163772DF000BF5BC /* Resources */ = {
			isa = PBXResourcesBuildPhase;
			buildActionMask = 2147483647;
			files = (
				048F7298163772DF000BF5BC /* InfoPlist.strings in Resources */,
				048F72A1163772DF000BF5BC /* MainStoryboard.storyboard in Resources */,
				8491B58F163EF1DD00111059 /* Settings.bundle in Resources */,
				849CEE26164ADB8F000C3B5B /* CellDataArray.xml in Resources */,
			);
			runOnlyForDeploymentPostprocessing = 0;
		};
/* End PBXResourcesBuildPhase section */

/* Begin PBXSourcesBuildPhase section */
		048F7285163772DF000BF5BC /* Sources */ = {
			isa = PBXSourcesBuildPhase;
			buildActionMask = 2147483647;
			files = (
				048F729A163772DF000BF5BC /* main.m in Sources */,
				048F729E163772DF000BF5BC /* AppDelegate.m in Sources */,
				048F72B016377337000BF5BC /* MasterViewController.m in Sources */,
				048F72B316377376000BF5BC /* CellData.m in Sources */,
				048F72B6163773BC000BF5BC /* CellDataArray.m in Sources */,
				04887C7B1637DE9F004EC5B3 /* Cell.m in Sources */,
				04887C7F1637ED89004EC5B3 /* EditViewController.m in Sources */,
				848F657116406E3100B8F281 /* GDataXMLNode.m in Sources */,
				848C77991641A22A00317CB9 /* OperationsWithDataSource.m in Sources */,
				848E34D716493B2F00E8547A /* EditDateViewController.m in Sources */,
				04911AD0164A7539002EFB74 /* DefaultParserDelegate.m in Sources */,
			);
			runOnlyForDeploymentPostprocessing = 0;
		};
/* End PBXSourcesBuildPhase section */

/* Begin PBXVariantGroup section */
		048F7296163772DF000BF5BC /* InfoPlist.strings */ = {
			isa = PBXVariantGroup;
			children = (
				048F7297163772DF000BF5BC /* en */,
			);
			name = InfoPlist.strings;
			sourceTree = "<group>";
		};
		048F729F163772DF000BF5BC /* MainStoryboard.storyboard */ = {
			isa = PBXVariantGroup;
			children = (
				048F72A0163772DF000BF5BC /* en */,
			);
			name = MainStoryboard.storyboard;
			sourceTree = "<group>";
		};
/* End PBXVariantGroup section */

/* Begin XCBuildConfiguration section */
		048F72A5163772DF000BF5BC /* Debug */ = {
			isa = XCBuildConfiguration;
			buildSettings = {
				ALWAYS_SEARCH_USER_PATHS = NO;
				ARCHS = "$(ARCHS_STANDARD_32_BIT)";
				"CODE_SIGN_IDENTITY[sdk=iphoneos*]" = "iPhone Developer";
				COPY_PHASE_STRIP = NO;
				GCC_C_LANGUAGE_STANDARD = gnu99;
				GCC_DYNAMIC_NO_PIC = NO;
				GCC_OPTIMIZATION_LEVEL = 0;
				GCC_PREPROCESSOR_DEFINITIONS = (
					"DEBUG=1",
					"$(inherited)",
				);
				GCC_SYMBOLS_PRIVATE_EXTERN = NO;
				GCC_VERSION = com.apple.compilers.llvm.clang.1_0;
				GCC_WARN_ABOUT_MISSING_PROTOTYPES = YES;
				GCC_WARN_ABOUT_RETURN_TYPE = YES;
				GCC_WARN_UNUSED_VARIABLE = YES;
				IPHONEOS_DEPLOYMENT_TARGET = 5.0;
				SDKROOT = iphoneos;
				TARGETED_DEVICE_FAMILY = 2;
			};
			name = Debug;
		};
		048F72A6163772DF000BF5BC /* Release */ = {
			isa = XCBuildConfiguration;
			buildSettings = {
				ALWAYS_SEARCH_USER_PATHS = NO;
				ARCHS = "$(ARCHS_STANDARD_32_BIT)";
				"CODE_SIGN_IDENTITY[sdk=iphoneos*]" = "iPhone Developer";
				COPY_PHASE_STRIP = YES;
				GCC_C_LANGUAGE_STANDARD = gnu99;
				GCC_VERSION = com.apple.compilers.llvm.clang.1_0;
				GCC_WARN_ABOUT_MISSING_PROTOTYPES = YES;
				GCC_WARN_ABOUT_RETURN_TYPE = YES;
				GCC_WARN_UNUSED_VARIABLE = YES;
				IPHONEOS_DEPLOYMENT_TARGET = 5.0;
				OTHER_CFLAGS = "-DNS_BLOCK_ASSERTIONS=1";
				SDKROOT = iphoneos;
				TARGETED_DEVICE_FAMILY = 2;
				VALIDATE_PRODUCT = YES;
			};
			name = Release;
		};
		048F72A8163772DF000BF5BC /* Debug */ = {
			isa = XCBuildConfiguration;
			buildSettings = {
				GCC_PRECOMPILE_PREFIX_HEADER = YES;
				GCC_PREFIX_HEADER = "TableView/TableView-Prefix.pch";
				HEADER_SEARCH_PATHS = /usr/include/libxml2;
				INFOPLIST_FILE = "TableView/TableView-Info.plist";
				OTHER_LDFLAGS = "-lxml2";
				PRODUCT_NAME = "$(TARGET_NAME)";
				USER_HEADER_SEARCH_PATHS = "";
				WRAPPER_EXTENSION = app;
			};
			name = Debug;
		};
		048F72A9163772DF000BF5BC /* Release */ = {
			isa = XCBuildConfiguration;
			buildSettings = {
				GCC_PRECOMPILE_PREFIX_HEADER = YES;
				GCC_PREFIX_HEADER = "TableView/TableView-Prefix.pch";
				HEADER_SEARCH_PATHS = /usr/include/libxml2;
				INFOPLIST_FILE = "TableView/TableView-Info.plist";
				OTHER_LDFLAGS = "-lxml2";
				PRODUCT_NAME = "$(TARGET_NAME)";
				USER_HEADER_SEARCH_PATHS = "";
				WRAPPER_EXTENSION = app;
			};
			name = Release;
		};
/* End XCBuildConfiguration section */

/* Begin XCConfigurationList section */
		048F7283163772DF000BF5BC /* Build configuration list for PBXProject "TableView" */ = {
			isa = XCConfigurationList;
			buildConfigurations = (
				048F72A5163772DF000BF5BC /* Debug */,
				048F72A6163772DF000BF5BC /* Release */,
			);
			defaultConfigurationIsVisible = 0;
			defaultConfigurationName = Release;
		};
		048F72A7163772DF000BF5BC /* Build configuration list for PBXNativeTarget "TableView" */ = {
			isa = XCConfigurationList;
			buildConfigurations = (
				048F72A8163772DF000BF5BC /* Debug */,
				048F72A9163772DF000BF5BC /* Release */,
			);
			defaultConfigurationIsVisible = 0;
			defaultConfigurationName = Release;
		};
/* End XCConfigurationList section */
	};
	rootObject = 048F7280163772DF000BF5BC /* Project object */;
}
